
Microsoft Visual Studio Solution File, Format Version 12.00
# Visual Studio 2013
VisualStudioVersion = 12.0.31101.0
MinimumVisualStudioVersion = 10.0.40219.1
Project("{FAE04EC0-301F-11D3-BF4B-00C04F79EFBC}") = "Geta.Bring.Booking", "Geta.Bring.Booking\Geta.Bring.Booking.csproj", "{6E172AD9-874D-4DDD-875A-E5219CBEEB69}"
EndProject
Project("{2150E333-8FDC-42A3-9474-1A3956D46DE8}") = "Tests", "Tests", "{E65E5FCC-640D-45C8-9D29-B686178E2D36}"
EndProject
Project("{FAE04EC0-301F-11D3-BF4B-00C04F79EFBC}") = "Booking.Tests.Integration", "Booking.Tests.Integration\Booking.Tests.Integration.csproj", "{9E04E5B8-BD0F-43ED-8B77-9A6A5A8D3FC2}"
EndProject
Project("{2150E333-8FDC-42A3-9474-1A3956D46DE8}") = ".nuget", ".nuget", "{DF2B6C02-A87D-426D-A143-E0C1B7CA1185}"
	ProjectSection(SolutionItems) = preProject
		.nuget\packages.config = .nuget\packages.config
	EndProjectSection
EndProject
Global
	GlobalSection(SolutionConfigurationPlatforms) = preSolution
		Debug|Any CPU = Debug|Any CPU
		Release|Any CPU = Release|Any CPU
	EndGlobalSection
	GlobalSection(ProjectConfigurationPlatforms) = postSolution
		{6E172AD9-874D-4DDD-875A-E5219CBEEB69}.Debug|Any CPU.ActiveCfg = Debug|Any CPU
		{6E172AD9-874D-4DDD-875A-E5219CBEEB69}.Debug|Any CPU.Build.0 = Debug|Any CPU
		{6E172AD9-874D-4DDD-875A-E5219CBEEB69}.Release|Any CPU.ActiveCfg = Release|Any CPU
		{6E172AD9-874D-4DDD-875A-E5219CBEEB69}.Release|Any CPU.Build.0 = Release|Any CPU
		{9E04E5B8-BD0F-43ED-8B77-9A6A5A8D3FC2}.Debug|Any CPU.ActiveCfg = Debug|Any CPU
		{9E04E5B8-BD0F-43ED-8B77-9A6A5A8D3FC2}.Debug|Any CPU.Build.0 = Debug|Any CPU
		{9E04E5B8-BD0F-43ED-8B77-9A6A5A8D3FC2}.Release|Any CPU.ActiveCfg = Release|Any CPU
		{9E04E5B8-BD0F-43ED-8B77-9A6A5A8D3FC2}.Release|Any CPU.Build.0 = Release|Any CPU
	EndGlobalSection
	GlobalSection(SolutionProperties) = preSolution
		HideSolutionNode = FALSE
	EndGlobalSection
	GlobalSection(NestedProjects) = preSolution
		{9E04E5B8-BD0F-43ED-8B77-9A6A5A8D3FC2} = {E65E5FCC-640D-45C8-9D29-B686178E2D36}
	EndGlobalSection
EndGlobal
